# This file is automatically @generated by Cargo.
# It is not intended for manual editing.
version = 4

[[package]]
name = "vglyph"
version = "0.1.0"
source = "git+https://github.com/cc-aegis/vglyph#c39c8718e8d9ad28f6463d943b654c520e312836"

[[package]]
name = "vglyph-typer"
version = "0.1.0"
dependencies = [
 "vglyph",
]
